
Microsoft Visual Studio Solution File, Format Version 12.00
# Visual Studio 14
VisualStudioVersion = 14.0.25420.1
MinimumVisualStudioVersion = 10.0.40219.1
Project("{FAE04EC0-301F-11D3-BF4B-00C04F79EFBC}") = "ReportPortal.Addins.RPC.COM", "ReportPortal.Addins.RPC.COM\ReportPortal.Addins.RPC.COM.csproj", "{0DECB651-11A8-4D3D-AFBF-2BCCC4BF181C}"
EndProject
Project("{930C7802-8A8C-48F9-8165-68863BCCD9DD}") = "ReportPortalSilkTestIntegration", "ReportPortalSilkTestIntegration\ReportPortalSilkTestIntegration.wixproj", "{CAD0776C-F4CA-4327-8C4F-8596E058056F}"
EndProject
Project("{8BC9CEB8-8B4A-11D0-8D11-00A0C91BC942}") = "ReportPortal.SilkTest.Adapter", "ReportPortal.SilkTest.Adapter\ReportPortal.SilkTest.Adapter.vcxproj", "{E7F2D6CA-2E0D-47B7-B29E-C13ACE9E43EA}"
	ProjectSection(ProjectDependencies) = postProject
		{0DECB651-11A8-4D3D-AFBF-2BCCC4BF181C} = {0DECB651-11A8-4D3D-AFBF-2BCCC4BF181C}
	EndProjectSection
EndProject
Project("{8BC9CEB8-8B4A-11D0-8D11-00A0C91BC942}") = "CppTestApp", "CppTestApp\CppTestApp.vcxproj", "{D547225C-3AEA-4D49-8027-4484F958E30A}"
	ProjectSection(ProjectDependencies) = postProject
		{0DECB651-11A8-4D3D-AFBF-2BCCC4BF181C} = {0DECB651-11A8-4D3D-AFBF-2BCCC4BF181C}
		{E7F2D6CA-2E0D-47B7-B29E-C13ACE9E43EA} = {E7F2D6CA-2E0D-47B7-B29E-C13ACE9E43EA}
	EndProjectSection
EndProject
Project("{2150E333-8FDC-42A3-9474-1A3956D46DE8}") = "Test", "Test", "{A349592C-BE85-4D11-85CF-A3C023FEF72E}"
EndProject
Project("{2150E333-8FDC-42A3-9474-1A3956D46DE8}") = "Implementation", "Implementation", "{1E0D674E-7E20-4515-AF9D-D57E3C82F472}"
EndProject
Project("{2150E333-8FDC-42A3-9474-1A3956D46DE8}") = "Deploy", "Deploy", "{10376B53-E973-4EBF-A144-39B0FBC6E53F}"
EndProject
Project("{FAE04EC0-301F-11D3-BF4B-00C04F79EFBC}") = "ReportPortal.Addins.RPC.COM.Tests", "ReportPortal.Addins.RPC.COM.Tests\ReportPortal.Addins.RPC.COM.Tests.csproj", "{29AE90AC-B9A2-458A-8537-8342C2F52CAC}"
EndProject
Global
	GlobalSection(SolutionConfigurationPlatforms) = preSolution
		Debug|Any CPU = Debug|Any CPU
		Debug|x64 = Debug|x64
		Debug|x86 = Debug|x86
		Release|Any CPU = Release|Any CPU
		Release|x64 = Release|x64
		Release|x86 = Release|x86
	EndGlobalSection
	GlobalSection(ProjectConfigurationPlatforms) = postSolution
		{0DECB651-11A8-4D3D-AFBF-2BCCC4BF181C}.Debug|Any CPU.ActiveCfg = Debug|Any CPU
		{0DECB651-11A8-4D3D-AFBF-2BCCC4BF181C}.Debug|Any CPU.Build.0 = Debug|Any CPU
		{0DECB651-11A8-4D3D-AFBF-2BCCC4BF181C}.Debug|x64.ActiveCfg = Debug|x64
		{0DECB651-11A8-4D3D-AFBF-2BCCC4BF181C}.Debug|x64.Build.0 = Debug|x64
		{0DECB651-11A8-4D3D-AFBF-2BCCC4BF181C}.Debug|x86.ActiveCfg = Debug|x86
		{0DECB651-11A8-4D3D-AFBF-2BCCC4BF181C}.Debug|x86.Build.0 = Debug|x86
		{0DECB651-11A8-4D3D-AFBF-2BCCC4BF181C}.Release|Any CPU.ActiveCfg = Release|Any CPU
		{0DECB651-11A8-4D3D-AFBF-2BCCC4BF181C}.Release|Any CPU.Build.0 = Release|Any CPU
		{0DECB651-11A8-4D3D-AFBF-2BCCC4BF181C}.Release|x64.ActiveCfg = Release|x64
		{0DECB651-11A8-4D3D-AFBF-2BCCC4BF181C}.Release|x64.Build.0 = Release|x64
		{0DECB651-11A8-4D3D-AFBF-2BCCC4BF181C}.Release|x86.ActiveCfg = Release|x86
		{0DECB651-11A8-4D3D-AFBF-2BCCC4BF181C}.Release|x86.Build.0 = Release|x86
		{CAD0776C-F4CA-4327-8C4F-8596E058056F}.Debug|Any CPU.ActiveCfg = Debug|x86
		{CAD0776C-F4CA-4327-8C4F-8596E058056F}.Debug|x64.ActiveCfg = Debug|x86
		{CAD0776C-F4CA-4327-8C4F-8596E058056F}.Debug|x86.ActiveCfg = Debug|x86
		{CAD0776C-F4CA-4327-8C4F-8596E058056F}.Debug|x86.Build.0 = Debug|x86
		{CAD0776C-F4CA-4327-8C4F-8596E058056F}.Release|Any CPU.ActiveCfg = Release|x86
		{CAD0776C-F4CA-4327-8C4F-8596E058056F}.Release|x64.ActiveCfg = Release|x86
		{CAD0776C-F4CA-4327-8C4F-8596E058056F}.Release|x86.ActiveCfg = Release|x86
		{CAD0776C-F4CA-4327-8C4F-8596E058056F}.Release|x86.Build.0 = Release|x86
		{E7F2D6CA-2E0D-47B7-B29E-C13ACE9E43EA}.Debug|Any CPU.ActiveCfg = Debug|Win32
		{E7F2D6CA-2E0D-47B7-B29E-C13ACE9E43EA}.Debug|Any CPU.Build.0 = Debug|Win32
		{E7F2D6CA-2E0D-47B7-B29E-C13ACE9E43EA}.Debug|x64.ActiveCfg = Debug|x64
		{E7F2D6CA-2E0D-47B7-B29E-C13ACE9E43EA}.Debug|x64.Build.0 = Debug|x64
		{E7F2D6CA-2E0D-47B7-B29E-C13ACE9E43EA}.Debug|x86.ActiveCfg = Debug|Win32
		{E7F2D6CA-2E0D-47B7-B29E-C13ACE9E43EA}.Debug|x86.Build.0 = Debug|Win32
		{E7F2D6CA-2E0D-47B7-B29E-C13ACE9E43EA}.Release|Any CPU.ActiveCfg = Release|Win32
		{E7F2D6CA-2E0D-47B7-B29E-C13ACE9E43EA}.Release|Any CPU.Build.0 = Release|Win32
		{E7F2D6CA-2E0D-47B7-B29E-C13ACE9E43EA}.Release|x64.ActiveCfg = Release|x64
		{E7F2D6CA-2E0D-47B7-B29E-C13ACE9E43EA}.Release|x64.Build.0 = Release|x64
		{E7F2D6CA-2E0D-47B7-B29E-C13ACE9E43EA}.Release|x86.ActiveCfg = Release|Win32
		{E7F2D6CA-2E0D-47B7-B29E-C13ACE9E43EA}.Release|x86.Build.0 = Release|Win32
		{D547225C-3AEA-4D49-8027-4484F958E30A}.Debug|Any CPU.ActiveCfg = Debug|Win32
		{D547225C-3AEA-4D49-8027-4484F958E30A}.Debug|Any CPU.Build.0 = Debug|Win32
		{D547225C-3AEA-4D49-8027-4484F958E30A}.Debug|x64.ActiveCfg = Debug|x64
		{D547225C-3AEA-4D49-8027-4484F958E30A}.Debug|x64.Build.0 = Debug|x64
		{D547225C-3AEA-4D49-8027-4484F958E30A}.Debug|x86.ActiveCfg = Debug|Win32
		{D547225C-3AEA-4D49-8027-4484F958E30A}.Debug|x86.Build.0 = Debug|Win32
		{D547225C-3AEA-4D49-8027-4484F958E30A}.Release|Any CPU.ActiveCfg = Release|Win32
		{D547225C-3AEA-4D49-8027-4484F958E30A}.Release|Any CPU.Build.0 = Release|Win32
		{D547225C-3AEA-4D49-8027-4484F958E30A}.Release|x64.ActiveCfg = Release|x64
		{D547225C-3AEA-4D49-8027-4484F958E30A}.Release|x64.Build.0 = Release|x64
		{D547225C-3AEA-4D49-8027-4484F958E30A}.Release|x86.ActiveCfg = Release|Win32
		{D547225C-3AEA-4D49-8027-4484F958E30A}.Release|x86.Build.0 = Release|Win32
		{29AE90AC-B9A2-458A-8537-8342C2F52CAC}.Debug|Any CPU.ActiveCfg = Debug|Any CPU
		{29AE90AC-B9A2-458A-8537-8342C2F52CAC}.Debug|Any CPU.Build.0 = Debug|Any CPU
		{29AE90AC-B9A2-458A-8537-8342C2F52CAC}.Debug|x64.ActiveCfg = Debug|Any CPU
		{29AE90AC-B9A2-458A-8537-8342C2F52CAC}.Debug|x64.Build.0 = Debug|Any CPU
		{29AE90AC-B9A2-458A-8537-8342C2F52CAC}.Debug|x86.ActiveCfg = Debug|Any CPU
		{29AE90AC-B9A2-458A-8537-8342C2F52CAC}.Debug|x86.Build.0 = Debug|Any CPU
		{29AE90AC-B9A2-458A-8537-8342C2F52CAC}.Release|Any CPU.ActiveCfg = Release|Any CPU
		{29AE90AC-B9A2-458A-8537-8342C2F52CAC}.Release|Any CPU.Build.0 = Release|Any CPU
		{29AE90AC-B9A2-458A-8537-8342C2F52CAC}.Release|x64.ActiveCfg = Release|Any CPU
		{29AE90AC-B9A2-458A-8537-8342C2F52CAC}.Release|x64.Build.0 = Release|Any CPU
		{29AE90AC-B9A2-458A-8537-8342C2F52CAC}.Release|x86.ActiveCfg = Release|Any CPU
		{29AE90AC-B9A2-458A-8537-8342C2F52CAC}.Release|x86.Build.0 = Release|Any CPU
	EndGlobalSection
	GlobalSection(SolutionProperties) = preSolution
		HideSolutionNode = FALSE
	EndGlobalSection
	GlobalSection(NestedProjects) = preSolution
		{0DECB651-11A8-4D3D-AFBF-2BCCC4BF181C} = {1E0D674E-7E20-4515-AF9D-D57E3C82F472}
		{CAD0776C-F4CA-4327-8C4F-8596E058056F} = {10376B53-E973-4EBF-A144-39B0FBC6E53F}
		{E7F2D6CA-2E0D-47B7-B29E-C13ACE9E43EA} = {1E0D674E-7E20-4515-AF9D-D57E3C82F472}
		{D547225C-3AEA-4D49-8027-4484F958E30A} = {A349592C-BE85-4D11-85CF-A3C023FEF72E}
		{29AE90AC-B9A2-458A-8537-8342C2F52CAC} = {A349592C-BE85-4D11-85CF-A3C023FEF72E}
	EndGlobalSection
	GlobalSection(ExtensibilityGlobals) = postSolution
		SolutionGuid = {45390292-3A6C-4DE5-A3EF-CD7A0F084A37}
	EndGlobalSection
EndGlobal
